
Microsoft Visual Studio Solution File, Format Version 12.00
# Visual Studio Version 16
VisualStudioVersion = 16.0.29215.179
MinimumVisualStudioVersion = 10.0.40219.1
Project("{FAE04EC0-301F-11D3-BF4B-00C04F79EFBC}") = "Demo1", "Demo1\Demo1.csproj", "{FAA25EFE-2887-47F3-A822-D654CD798090}"
EndProject
Global
	GlobalSection(SolutionConfigurationPlatforms) = preSolution
		Debug|Any CPU = Debug|Any CPU
		Release|Any CPU = Release|Any CPU
	EndGlobalSection
	GlobalSection(ProjectConfigurationPlatforms) = postSolution
		{FAA25EFE-2887-47F3-A822-D654CD798090}.Debug|Any CPU.ActiveCfg = Debug|Any CPU
		{FAA25EFE-2887-47F3-A822-D654CD798090}.Debug|Any CPU.Build.0 = Debug|Any CPU
		{FAA25EFE-2887-47F3-A822-D654CD798090}.Release|Any CPU.ActiveCfg = Release|Any CPU
		{FAA25EFE-2887-47F3-A822-D654CD798090}.Release|Any CPU.Build.0 = Release|Any CPU
	EndGlobalSection
	GlobalSection(SolutionProperties) = preSolution
		HideSolutionNode = FALSE
	EndGlobalSection
	GlobalSection(ExtensibilityGlobals) = postSolution
		SolutionGuid = {5EEA35CB-A935-4404-A382-E9B3F3B2C2B2}
	EndGlobalSection
EndGlobal
